
Microsoft Visual Studio Solution File, Format Version 12.00
# Visual Studio Version 17
VisualStudioVersion = 17.7.34221.43
MinimumVisualStudioVersion = 10.0.40219.1
Project("{2150E333-8FDC-42A3-9474-1A3956D46DE8}") = "Calculadora", "Calculadora", "{8885907C-5EB8-41B9-A120-61D509A5FB5C}"
EndProject
Project("{2150E333-8FDC-42A3-9474-1A3956D46DE8}") = "CalculadoraTestes", "CalculadoraTestes", "{EE47F7A3-47A0-4AB7-8095-8791536A2921}"
EndProject
Project("{FAE04EC0-301F-11D3-BF4B-00C04F79EFBC}") = "Calculadora", "Calculadora\Calculadora.csproj", "{95DEC13D-48C6-4BD5-813F-E643645EC1C4}"
EndProject
Project("{FAE04EC0-301F-11D3-BF4B-00C04F79EFBC}") = "CalculadoraTeste", "CalculadoraTeste\CalculadoraTeste.csproj", "{C38D17F0-D00F-436C-97CB-5A131FA84187}"
EndProject
Global
	GlobalSection(SolutionConfigurationPlatforms) = preSolution
		Debug|Any CPU = Debug|Any CPU
		Release|Any CPU = Release|Any CPU
	EndGlobalSection
	GlobalSection(ProjectConfigurationPlatforms) = postSolution
		{95DEC13D-48C6-4BD5-813F-E643645EC1C4}.Debug|Any CPU.ActiveCfg = Debug|Any CPU
		{95DEC13D-48C6-4BD5-813F-E643645EC1C4}.Debug|Any CPU.Build.0 = Debug|Any CPU
		{95DEC13D-48C6-4BD5-813F-E643645EC1C4}.Release|Any CPU.ActiveCfg = Release|Any CPU
		{95DEC13D-48C6-4BD5-813F-E643645EC1C4}.Release|Any CPU.Build.0 = Release|Any CPU
		{C38D17F0-D00F-436C-97CB-5A131FA84187}.Debug|Any CPU.ActiveCfg = Debug|Any CPU
		{C38D17F0-D00F-436C-97CB-5A131FA84187}.Debug|Any CPU.Build.0 = Debug|Any CPU
		{C38D17F0-D00F-436C-97CB-5A131FA84187}.Release|Any CPU.ActiveCfg = Release|Any CPU
		{C38D17F0-D00F-436C-97CB-5A131FA84187}.Release|Any CPU.Build.0 = Release|Any CPU
	EndGlobalSection
	GlobalSection(SolutionProperties) = preSolution
		HideSolutionNode = FALSE
	EndGlobalSection
	GlobalSection(NestedProjects) = preSolution
		{95DEC13D-48C6-4BD5-813F-E643645EC1C4} = {8885907C-5EB8-41B9-A120-61D509A5FB5C}
		{C38D17F0-D00F-436C-97CB-5A131FA84187} = {EE47F7A3-47A0-4AB7-8095-8791536A2921}
	EndGlobalSection
	GlobalSection(ExtensibilityGlobals) = postSolution
		SolutionGuid = {BDB81997-4991-4488-A5D4-B3FCE40D0A12}
	EndGlobalSection
EndGlobal
